github.com/markkurossi/tabulate v0.0.0-20251126123558-a08056f6160f h1:u5MRsdjmedlD5iDJzIzPICOhdD2hs9rQKixfuZf6jqY=
github.com/markkurossi/tabulate v0.0.0-20251126123558-a08056f6160f/go.mod h1:Jol1zHueCHE+CSGXfTFoSGftCpxVkFZSkAQkZP2LFrU=
golang.org/x/text v0.31.0 h1:aC8ghyu4JhP8VojJ2lEHBnochRno1sgL6nEi9WGFGMM=
golang.org/x/text v0.31.0/go.mod h1:tKRAlv61yKIjGGHX/4tP1LTbc13YSec1pxVEWXzfoeM=
